
Microsoft Visual Studio Solution File, Format Version 12.00
# Visual Studio Version 16
VisualStudioVersion = 16.0.29306.81
MinimumVisualStudioVersion = 10.0.40219.1
Project("{FAE04EC0-301F-11D3-BF4B-00C04F79EFBC}") = "Open-Lab-01", "Open-Lab-01\Open-Lab-01.csproj", "{32BB4E03-8992-4A8F-BB82-10997E789E38}"
EndProject
Global
	GlobalSection(SolutionConfigurationPlatforms) = preSolution
		Debug|Any CPU = Debug|Any CPU
		Release|Any CPU = Release|Any CPU
	EndGlobalSection
	GlobalSection(ProjectConfigurationPlatforms) = postSolution
		{32BB4E03-8992-4A8F-BB82-10997E789E38}.Debug|Any CPU.ActiveCfg = Debug|Any CPU
		{32BB4E03-8992-4A8F-BB82-10997E789E38}.Debug|Any CPU.Build.0 = Debug|Any CPU
		{32BB4E03-8992-4A8F-BB82-10997E789E38}.Release|Any CPU.ActiveCfg = Release|Any CPU
		{32BB4E03-8992-4A8F-BB82-10997E789E38}.Release|Any CPU.Build.0 = Release|Any CPU
	EndGlobalSection
	GlobalSection(SolutionProperties) = preSolution
		HideSolutionNode = FALSE
	EndGlobalSection
	GlobalSection(ExtensibilityGlobals) = postSolution
		SolutionGuid = {2540C262-6438-4786-B10F-3B761996DB71}
	EndGlobalSection
EndGlobal
